
Microsoft Visual Studio Solution File, Format Version 12.00
# Visual Studio 15
VisualStudioVersion = 15.0.26124.0
MinimumVisualStudioVersion = 15.0.26124.0
Project("{9A19103F-16F7-4668-BE54-9A1E7A4F7556}") = "R5T.Kerastini.Base.Construction", "R5T.Kerastini.Base.Construction\R5T.Kerastini.Base.Construction.csproj", "{EE4C2051-758D-435E-86EB-DBA1B3236541}"
EndProject
Project("{9A19103F-16F7-4668-BE54-9A1E7A4F7556}") = "R5T.Kerastini.Base", "R5T.Kerastini.Base\R5T.Kerastini.Base.csproj", "{4891CEA7-0A44-46DC-B5FC-47A52E0A4E38}"
EndProject
Project("{2150E333-8FDC-42A3-9474-1A3956D46DE8}") = "_Dependencies", "_Dependencies", "{7CC122EF-2738-498F-BDFB-43F2AEA2F604}"
EndProject
Project("{9A19103F-16F7-4668-BE54-9A1E7A4F7556}") = "R5T.Gloucester.Types", "..\..\R5T.Gloucester.Types\source\R5T.Gloucester.Types\R5T.Gloucester.Types.csproj", "{DC9297E3-79B5-4C58-8110-79DBE36CE7BA}"
EndProject
Project("{9A19103F-16F7-4668-BE54-9A1E7A4F7556}") = "R5T.Ostersund", "..\..\R5T.Ostersund\source\R5T.Ostersund\R5T.Ostersund.csproj", "{25C8EF45-19B6-485D-B35A-E8F0D438210E}"
EndProject
Global
	GlobalSection(SolutionConfigurationPlatforms) = preSolution
		Debug|Any CPU = Debug|Any CPU
		Debug|x64 = Debug|x64
		Debug|x86 = Debug|x86
		Release|Any CPU = Release|Any CPU
		Release|x64 = Release|x64
		Release|x86 = Release|x86
	EndGlobalSection
	GlobalSection(ProjectConfigurationPlatforms) = postSolution
		{EE4C2051-758D-435E-86EB-DBA1B3236541}.Debug|Any CPU.ActiveCfg = Debug|Any CPU
		{EE4C2051-758D-435E-86EB-DBA1B3236541}.Debug|Any CPU.Build.0 = Debug|Any CPU
		{EE4C2051-758D-435E-86EB-DBA1B3236541}.Debug|x64.ActiveCfg = Debug|Any CPU
		{EE4C2051-758D-435E-86EB-DBA1B3236541}.Debug|x64.Build.0 = Debug|Any CPU
		{EE4C2051-758D-435E-86EB-DBA1B3236541}.Debug|x86.ActiveCfg = Debug|Any CPU
		{EE4C2051-758D-435E-86EB-DBA1B3236541}.Debug|x86.Build.0 = Debug|Any CPU
		{EE4C2051-758D-435E-86EB-DBA1B3236541}.Release|Any CPU.ActiveCfg = Release|Any CPU
		{EE4C2051-758D-435E-86EB-DBA1B3236541}.Release|Any CPU.Build.0 = Release|Any CPU
		{EE4C2051-758D-435E-86EB-DBA1B3236541}.Release|x64.ActiveCfg = Release|Any CPU
		{EE4C2051-758D-435E-86EB-DBA1B3236541}.Release|x64.Build.0 = Release|Any CPU
		{EE4C2051-758D-435E-86EB-DBA1B3236541}.Release|x86.ActiveCfg = Release|Any CPU
		{EE4C2051-758D-435E-86EB-DBA1B3236541}.Release|x86.Build.0 = Release|Any CPU
		{4891CEA7-0A44-46DC-B5FC-47A52E0A4E38}.Debug|Any CPU.ActiveCfg = Debug|Any CPU
		{4891CEA7-0A44-46DC-B5FC-47A52E0A4E38}.Debug|Any CPU.Build.0 = Debug|Any CPU
		{4891CEA7-0A44-46DC-B5FC-47A52E0A4E38}.Debug|x64.ActiveCfg = Debug|Any CPU
		{4891CEA7-0A44-46DC-B5FC-47A52E0A4E38}.Debug|x64.Build.0 = Debug|Any CPU
		{4891CEA7-0A44-46DC-B5FC-47A52E0A4E38}.Debug|x86.ActiveCfg = Debug|Any CPU
		{4891CEA7-0A44-46DC-B5FC-47A52E0A4E38}.Debug|x86.Build.0 = Debug|Any CPU
		{4891CEA7-0A44-46DC-B5FC-47A52E0A4E38}.Release|Any CPU.ActiveCfg = Release|Any CPU
		{4891CEA7-0A44-46DC-B5FC-47A52E0A4E38}.Release|Any CPU.Build.0 = Release|Any CPU
		{4891CEA7-0A44-46DC-B5FC-47A52E0A4E38}.Release|x64.ActiveCfg = Release|Any CPU
		{4891CEA7-0A44-46DC-B5FC-47A52E0A4E38}.Release|x64.Build.0 = Release|Any CPU
		{4891CEA7-0A44-46DC-B5FC-47A52E0A4E38}.Release|x86.ActiveCfg = Release|Any CPU
		{4891CEA7-0A44-46DC-B5FC-47A52E0A4E38}.Release|x86.Build.0 = Release|Any CPU
		{DC9297E3-79B5-4C58-8110-79DBE36CE7BA}.Debug|Any CPU.ActiveCfg = Debug|Any CPU
		{DC9297E3-79B5-4C58-8110-79DBE36CE7BA}.Debug|Any CPU.Build.0 = Debug|Any CPU
		{DC9297E3-79B5-4C58-8110-79DBE36CE7BA}.Debug|x64.ActiveCfg = Debug|Any CPU
		{DC9297E3-79B5-4C58-8110-79DBE36CE7BA}.Debug|x64.Build.0 = Debug|Any CPU
		{DC9297E3-79B5-4C58-8110-79DBE36CE7BA}.Debug|x86.ActiveCfg = Debug|Any CPU
		{DC9297E3-79B5-4C58-8110-79DBE36CE7BA}.Debug|x86.Build.0 = Debug|Any CPU
		{DC9297E3-79B5-4C58-8110-79DBE36CE7BA}.Release|Any CPU.ActiveCfg = Release|Any CPU
		{DC9297E3-79B5-4C58-8110-79DBE36CE7BA}.Release|Any CPU.Build.0 = Release|Any CPU
		{DC9297E3-79B5-4C58-8110-79DBE36CE7BA}.Release|x64.ActiveCfg = Release|Any CPU
		{DC9297E3-79B5-4C58-8110-79DBE36CE7BA}.Release|x64.Build.0 = Release|Any CPU
		{DC9297E3-79B5-4C58-8110-79DBE36CE7BA}.Release|x86.ActiveCfg = Release|Any CPU
		{DC9297E3-79B5-4C58-8110-79DBE36CE7BA}.Release|x86.Build.0 = Release|Any CPU
		{25C8EF45-19B6-485D-B35A-E8F0D438210E}.Debug|Any CPU.ActiveCfg = Debug|Any CPU
		{25C8EF45-19B6-485D-B35A-E8F0D438210E}.Debug|Any CPU.Build.0 = Debug|Any CPU
		{25C8EF45-19B6-485D-B35A-E8F0D438210E}.Debug|x64.ActiveCfg = Debug|Any CPU
		{25C8EF45-19B6-485D-B35A-E8F0D438210E}.Debug|x64.Build.0 = Debug|Any CPU
		{25C8EF45-19B6-485D-B35A-E8F0D438210E}.Debug|x86.ActiveCfg = Debug|Any CPU
		{25C8EF45-19B6-485D-B35A-E8F0D438210E}.Debug|x86.Build.0 = Debug|Any CPU
		{25C8EF45-19B6-485D-B35A-E8F0D438210E}.Release|Any CPU.ActiveCfg = Release|Any CPU
		{25C8EF45-19B6-485D-B35A-E8F0D438210E}.Release|Any CPU.Build.0 = Release|Any CPU
		{25C8EF45-19B6-485D-B35A-E8F0D438210E}.Release|x64.ActiveCfg = Release|Any CPU
		{25C8EF45-19B6-485D-B35A-E8F0D438210E}.Release|x64.Build.0 = Release|Any CPU
		{25C8EF45-19B6-485D-B35A-E8F0D438210E}.Release|x86.ActiveCfg = Release|Any CPU
		{25C8EF45-19B6-485D-B35A-E8F0D438210E}.Release|x86.Build.0 = Release|Any CPU
	EndGlobalSection
	GlobalSection(SolutionProperties) = preSolution
		HideSolutionNode = FALSE
	EndGlobalSection
	GlobalSection(NestedProjects) = preSolution
		{DC9297E3-79B5-4C58-8110-79DBE36CE7BA} = {7CC122EF-2738-498F-BDFB-43F2AEA2F604}
		{25C8EF45-19B6-485D-B35A-E8F0D438210E} = {7CC122EF-2738-498F-BDFB-43F2AEA2F604}
	EndGlobalSection
	GlobalSection(ExtensibilityGlobals) = postSolution
		SolutionGuid = {D5EF3807-468F-4F69-A6FE-0646EE52B753}
	EndGlobalSection
EndGlobal
